{
  "originHash" : "c13388602e0ecdce78bf50865a7b79a9760484108c94c6214ef83c361b16dbdf",
  "pins" : [
    {
      "identity" : "mjextension",
      "kind" : "remoteSourceControl",
      "location" : "https://github.com/CoderMJLee/MJExtension",
      "state" : {
        "revision" : "03ceefbcb51be045e0b4d252442a2fb2939d52ae",
        "version" : "3.4.2"
      }
    },
    {
      "identity" : "swift-syntax",
      "kind" : "remoteSourceControl",
      "location" : "https://github.com/apple/swift-syntax.git",
      "state" : {
        "revision" : "64889f0c732f210a935a0ad7cda38f77f876262d",
        "version" : "509.1.1"
      }
    }
  ],
  "version" : 3
}
